
Microsoft Visual Studio Solution File, Format Version 12.00
# Visual Studio Version 17
VisualStudioVersion = 17.14.36212.18
MinimumVisualStudioVersion = 10.0.40219.1
Project("{FAE04EC0-301F-11D3-BF4B-00C04F79EFBC}") = "StuddyBuddy", "StuddyBuddy\StuddyBuddy.csproj", "{2053624E-94A0-473D-8F7E-416D53165605}"
EndProject
Project("{FAE04EC0-301F-11D3-BF4B-00C04F79EFBC}") = "StudyBuddy.Data", "StudyBuddy.Data\StudyBuddy.Data.csproj", "{B3D9A82D-B49C-4132-AFEE-943A729413E1}"
EndProject
Global
	GlobalSection(SolutionConfigurationPlatforms) = preSolution
		Debug|Any CPU = Debug|Any CPU
		Release|Any CPU = Release|Any CPU
	EndGlobalSection
	GlobalSection(ProjectConfigurationPlatforms) = postSolution
		{2053624E-94A0-473D-8F7E-416D53165605}.Debug|Any CPU.ActiveCfg = Debug|Any CPU
		{2053624E-94A0-473D-8F7E-416D53165605}.Debug|Any CPU.Build.0 = Debug|Any CPU
		{2053624E-94A0-473D-8F7E-416D53165605}.Debug|Any CPU.Deploy.0 = Debug|Any CPU
		{2053624E-94A0-473D-8F7E-416D53165605}.Release|Any CPU.ActiveCfg = Release|Any CPU
		{2053624E-94A0-473D-8F7E-416D53165605}.Release|Any CPU.Build.0 = Release|Any CPU
		{B3D9A82D-B49C-4132-AFEE-943A729413E1}.Debug|Any CPU.ActiveCfg = Debug|Any CPU
		{B3D9A82D-B49C-4132-AFEE-943A729413E1}.Debug|Any CPU.Build.0 = Debug|Any CPU
		{B3D9A82D-B49C-4132-AFEE-943A729413E1}.Release|Any CPU.ActiveCfg = Release|Any CPU
		{B3D9A82D-B49C-4132-AFEE-943A729413E1}.Release|Any CPU.Build.0 = Release|Any CPU
	EndGlobalSection
	GlobalSection(SolutionProperties) = preSolution
		HideSolutionNode = FALSE
	EndGlobalSection
	GlobalSection(ExtensibilityGlobals) = postSolution
		SolutionGuid = {D39D037F-519F-4F09-A2E4-38BCACBF6E9E}
	EndGlobalSection
EndGlobal
